
Microsoft Visual Studio Solution File, Format Version 12.00
# Visual Studio 15
VisualStudioVersion = 15.0.28307.572
MinimumVisualStudioVersion = 10.0.40219.1
Project("{FAE04EC0-301F-11D3-BF4B-00C04F79EFBC}") = "DrxTransfer", "DrxTransfer\DrxTransfer.csproj", "{AE4C041B-A8FC-419E-98A7-B11E52231A23}"
EndProject
Project("{FAE04EC0-301F-11D3-BF4B-00C04F79EFBC}") = "TranferSerializers", "TranferSerializers\TranferSerializers.csproj", "{84E57C18-FF78-4C63-9479-67BD1C1F1C95}"
EndProject
Global
	GlobalSection(SolutionConfigurationPlatforms) = preSolution
		Debug|Any CPU = Debug|Any CPU
		Release|Any CPU = Release|Any CPU
	EndGlobalSection
	GlobalSection(ProjectConfigurationPlatforms) = postSolution
		{AE4C041B-A8FC-419E-98A7-B11E52231A23}.Debug|Any CPU.ActiveCfg = Debug|Any CPU
		{AE4C041B-A8FC-419E-98A7-B11E52231A23}.Debug|Any CPU.Build.0 = Debug|Any CPU
		{AE4C041B-A8FC-419E-98A7-B11E52231A23}.Release|Any CPU.ActiveCfg = Release|Any CPU
		{AE4C041B-A8FC-419E-98A7-B11E52231A23}.Release|Any CPU.Build.0 = Release|Any CPU
		{84E57C18-FF78-4C63-9479-67BD1C1F1C95}.Debug|Any CPU.ActiveCfg = Debug|Any CPU
		{84E57C18-FF78-4C63-9479-67BD1C1F1C95}.Debug|Any CPU.Build.0 = Debug|Any CPU
		{84E57C18-FF78-4C63-9479-67BD1C1F1C95}.Release|Any CPU.ActiveCfg = Release|Any CPU
		{84E57C18-FF78-4C63-9479-67BD1C1F1C95}.Release|Any CPU.Build.0 = Release|Any CPU
	EndGlobalSection
	GlobalSection(SolutionProperties) = preSolution
		HideSolutionNode = FALSE
	EndGlobalSection
	GlobalSection(ExtensibilityGlobals) = postSolution
		SolutionGuid = {69920201-7A51-4C54-B9E1-8FB23CF4D2D2}
	EndGlobalSection
EndGlobal
